
Microsoft Visual Studio Solution File, Format Version 12.00
# Visual Studio 15
VisualStudioVersion = 15.0.28307.329
MinimumVisualStudioVersion = 10.0.40219.1
Project("{9A19103F-16F7-4668-BE54-9A1E7A4F7556}") = "VideoManagement.Business", "VideoManagement.Business\VideoManagement.Business.csproj", "{5A5A8AE2-F05D-4EC3-B0FA-F7B893FCD211}"
EndProject
Project("{FAE04EC0-301F-11D3-BF4B-00C04F79EFBC}") = "VideoManagement.UI.WPF", "VideoManagement.UI.WPF\VideoManagement.UI.WPF.csproj", "{FECC82A2-F1ED-4048-A0CE-FEB1E68D3FB9}"
EndProject
Project("{FAE04EC0-301F-11D3-BF4B-00C04F79EFBC}") = "VideoManagement.UI.WF", "VideoManagement.UI.WF\VideoManagement.UI.WF.csproj", "{2A6A104B-A9D8-45A2-9D7E-94112D93FB0D}"
EndProject
Project("{9A19103F-16F7-4668-BE54-9A1E7A4F7556}") = "VideoManagement.DataAccess", "VideoManagement.DataAccess\VideoManagement.DataAccess.csproj", "{F71093CF-ABDE-4732-9F12-7D70CD09C192}"
EndProject
Project("{FAE04EC0-301F-11D3-BF4B-00C04F79EFBC}") = "VideoManagement.Models", "VideoManagement.Models\VideoManagement.Models.csproj", "{6729F285-F3FF-412B-BD6C-E8F4A2C83801}"
EndProject
Global
	GlobalSection(SolutionConfigurationPlatforms) = preSolution
		Debug|Any CPU = Debug|Any CPU
		Release|Any CPU = Release|Any CPU
	EndGlobalSection
	GlobalSection(ProjectConfigurationPlatforms) = postSolution
		{5A5A8AE2-F05D-4EC3-B0FA-F7B893FCD211}.Debug|Any CPU.ActiveCfg = Debug|Any CPU
		{5A5A8AE2-F05D-4EC3-B0FA-F7B893FCD211}.Debug|Any CPU.Build.0 = Debug|Any CPU
		{5A5A8AE2-F05D-4EC3-B0FA-F7B893FCD211}.Release|Any CPU.ActiveCfg = Release|Any CPU
		{5A5A8AE2-F05D-4EC3-B0FA-F7B893FCD211}.Release|Any CPU.Build.0 = Release|Any CPU
		{FECC82A2-F1ED-4048-A0CE-FEB1E68D3FB9}.Debug|Any CPU.ActiveCfg = Debug|Any CPU
		{FECC82A2-F1ED-4048-A0CE-FEB1E68D3FB9}.Debug|Any CPU.Build.0 = Debug|Any CPU
		{FECC82A2-F1ED-4048-A0CE-FEB1E68D3FB9}.Release|Any CPU.ActiveCfg = Release|Any CPU
		{FECC82A2-F1ED-4048-A0CE-FEB1E68D3FB9}.Release|Any CPU.Build.0 = Release|Any CPU
		{2A6A104B-A9D8-45A2-9D7E-94112D93FB0D}.Debug|Any CPU.ActiveCfg = Debug|Any CPU
		{2A6A104B-A9D8-45A2-9D7E-94112D93FB0D}.Debug|Any CPU.Build.0 = Debug|Any CPU
		{2A6A104B-A9D8-45A2-9D7E-94112D93FB0D}.Release|Any CPU.ActiveCfg = Release|Any CPU
		{2A6A104B-A9D8-45A2-9D7E-94112D93FB0D}.Release|Any CPU.Build.0 = Release|Any CPU
		{F71093CF-ABDE-4732-9F12-7D70CD09C192}.Debug|Any CPU.ActiveCfg = Debug|Any CPU
		{F71093CF-ABDE-4732-9F12-7D70CD09C192}.Debug|Any CPU.Build.0 = Debug|Any CPU
		{F71093CF-ABDE-4732-9F12-7D70CD09C192}.Release|Any CPU.ActiveCfg = Release|Any CPU
		{F71093CF-ABDE-4732-9F12-7D70CD09C192}.Release|Any CPU.Build.0 = Release|Any CPU
		{6729F285-F3FF-412B-BD6C-E8F4A2C83801}.Debug|Any CPU.ActiveCfg = Debug|Any CPU
		{6729F285-F3FF-412B-BD6C-E8F4A2C83801}.Debug|Any CPU.Build.0 = Debug|Any CPU
		{6729F285-F3FF-412B-BD6C-E8F4A2C83801}.Release|Any CPU.ActiveCfg = Release|Any CPU
		{6729F285-F3FF-412B-BD6C-E8F4A2C83801}.Release|Any CPU.Build.0 = Release|Any CPU
	EndGlobalSection
	GlobalSection(SolutionProperties) = preSolution
		HideSolutionNode = FALSE
	EndGlobalSection
	GlobalSection(ExtensibilityGlobals) = postSolution
		SolutionGuid = {88E3BDD2-20C0-47C1-B75D-8F547C4AA606}
	EndGlobalSection
EndGlobal
